// !$*UTF8*$!
{
	archiveVersion = 1;
	classes = {
	};
	objectVersion = 56;
	objects = {

/* Begin PBXBuildFile section */
		070DD2012AA28D140093CA7D /* SX_HttpMethod.swift in Sources */ = {isa = PBXBuildFile; fileRef = 070DD2002AA28D140093CA7D /* SX_HttpMethod.swift */; };
		070DD2052AA29A6E0093CA7D /* SX_GetRocketsDataSet.swift in Sources */ = {isa = PBXBuildFile; fileRef = 070DD2042AA29A6E0093CA7D /* SX_GetRocketsDataSet.swift */; };
		070DD2072AA2B6460093CA7D /* ShipsViewModel.swift in Sources */ = {isa = PBXBuildFile; fileRef = 070DD2062AA2B6460093CA7D /* ShipsViewModel.swift */; };
		070DD2092AA2B6BA0093CA7D /* ShipsView.swift in Sources */ = {isa = PBXBuildFile; fileRef = 070DD2082AA2B6B90093CA7D /* ShipsView.swift */; };
		070DD20B2AA326E60093CA7D /* SX_GetShipsDataSet.swift in Sources */ = {isa = PBXBuildFile; fileRef = 070DD20A2AA326E60093CA7D /* SX_GetShipsDataSet.swift */; };
		070DD20D2AA3415E0093CA7D /* CrewView.swift in Sources */ = {isa = PBXBuildFile; fileRef = 070DD20C2AA3415E0093CA7D /* CrewView.swift */; };
		070DD20F2AA35BA50093CA7D /* SX_GetLaunchesDataSet.swift in Sources */ = {isa = PBXBuildFile; fileRef = 070DD20E2AA35BA50093CA7D /* SX_GetLaunchesDataSet.swift */; };
		070DD2112AA360290093CA7D /* LaunchListView.swift in Sources */ = {isa = PBXBuildFile; fileRef = 070DD2102AA360290093CA7D /* LaunchListView.swift */; };
		070DD2132AA36BF00093CA7D /* LaunchListUIViewRepresentable.swift in Sources */ = {isa = PBXBuildFile; fileRef = 070DD2122AA36BF00093CA7D /* LaunchListUIViewRepresentable.swift */; };
		070DD2152AA38AC80093CA7D /* Extension.swift in Sources */ = {isa = PBXBuildFile; fileRef = 070DD2142AA38AC80093CA7D /* Extension.swift */; };
		070DD2172AA3A91D0093CA7D /* LaunchCollectionViewCell.swift in Sources */ = {isa = PBXBuildFile; fileRef = 070DD2162AA3A91D0093CA7D /* LaunchCollectionViewCell.swift */; };
		070DD2192AA3AB580093CA7D /* LaunchCollectionViewCellViewModel.swift in Sources */ = {isa = PBXBuildFile; fileRef = 070DD2182AA3AB580093CA7D /* LaunchCollectionViewCellViewModel.swift */; };
		070DD21B2AA4D5200093CA7D /* SX_Patch.swift in Sources */ = {isa = PBXBuildFile; fileRef = 070DD21A2AA4D5200093CA7D /* SX_Patch.swift */; };
		070DD21D2AA4EBFC0093CA7D /* SX_Links.swift in Sources */ = {isa = PBXBuildFile; fileRef = 070DD21C2AA4EBFC0093CA7D /* SX_Links.swift */; };
		07965B4E2A9E500D00542401 /* SpaceXApp.swift in Sources */ = {isa = PBXBuildFile; fileRef = 07965B4D2A9E500D00542401 /* SpaceXApp.swift */; };
		07965B502A9E500D00542401 /* MainView.swift in Sources */ = {isa = PBXBuildFile; fileRef = 07965B4F2A9E500D00542401 /* MainView.swift */; };
		07965B522A9E500E00542401 /* Assets.xcassets in Resources */ = {isa = PBXBuildFile; fileRef = 07965B512A9E500E00542401 /* Assets.xcassets */; };
		07965B552A9E500E00542401 /* Preview Assets.xcassets in Resources */ = {isa = PBXBuildFile; fileRef = 07965B542A9E500E00542401 /* Preview Assets.xcassets */; };
		07965B612A9E746400542401 /* SX_Lanunch.swift in Sources */ = {isa = PBXBuildFile; fileRef = 07965B602A9E746400542401 /* SX_Lanunch.swift */; };
		07965B632A9E746E00542401 /* SX_Rocket.swift in Sources */ = {isa = PBXBuildFile; fileRef = 07965B622A9E746E00542401 /* SX_Rocket.swift */; };
		07965B652A9E9C0A00542401 /* LaunchesListView.swift in Sources */ = {isa = PBXBuildFile; fileRef = 07965B642A9E9C0A00542401 /* LaunchesListView.swift */; };
		07965B672A9E9C1F00542401 /* LaunchView.swift in Sources */ = {isa = PBXBuildFile; fileRef = 07965B662A9E9C1F00542401 /* LaunchView.swift */; };
		07965B692A9E9C3900542401 /* RocketView.swift in Sources */ = {isa = PBXBuildFile; fileRef = 07965B682A9E9C3900542401 /* RocketView.swift */; };
		07965B6D2A9E9C7B00542401 /* LaunchFilterView.swift in Sources */ = {isa = PBXBuildFile; fileRef = 07965B6C2A9E9C7B00542401 /* LaunchFilterView.swift */; };
		07965B6F2A9E9D8300542401 /* MainViewModel.swift in Sources */ = {isa = PBXBuildFile; fileRef = 07965B6E2A9E9D8300542401 /* MainViewModel.swift */; };
		07965B712A9EA00600542401 /* LaunchesListViewModel.swift in Sources */ = {isa = PBXBuildFile; fileRef = 07965B702A9EA00600542401 /* LaunchesListViewModel.swift */; };
		07965B732A9EA01500542401 /* LanchViewModel.swift in Sources */ = {isa = PBXBuildFile; fileRef = 07965B722A9EA01500542401 /* LanchViewModel.swift */; };
		07965B752A9EA02A00542401 /* RocketViewModel.swift in Sources */ = {isa = PBXBuildFile; fileRef = 07965B742A9EA02A00542401 /* RocketViewModel.swift */; };
		07965B772A9EA03F00542401 /* RocketsListViewModel.swift in Sources */ = {isa = PBXBuildFile; fileRef = 07965B762A9EA03F00542401 /* RocketsListViewModel.swift */; };
		07965B792A9EA05D00542401 /* LaunchesFilterViewModel.swift in Sources */ = {isa = PBXBuildFile; fileRef = 07965B782A9EA05D00542401 /* LaunchesFilterViewModel.swift */; };
		07965B7B2A9EA07200542401 /* RocketsListView.swift in Sources */ = {isa = PBXBuildFile; fileRef = 07965B7A2A9EA07200542401 /* RocketsListView.swift */; };
		07965B7D2A9F545500542401 /* SX_Service.swift in Sources */ = {isa = PBXBuildFile; fileRef = 07965B7C2A9F545500542401 /* SX_Service.swift */; };
		07965B7F2A9F547B00542401 /* SX_Request.swift in Sources */ = {isa = PBXBuildFile; fileRef = 07965B7E2A9F547B00542401 /* SX_Request.swift */; };
		07965B812A9F569000542401 /* SX_EndPoint.swift in Sources */ = {isa = PBXBuildFile; fileRef = 07965B802A9F569000542401 /* SX_EndPoint.swift */; };
		07965B832A9FC06F00542401 /* SX_Crew.swift in Sources */ = {isa = PBXBuildFile; fileRef = 07965B822A9FC06F00542401 /* SX_Crew.swift */; };
		07965B852A9FC17C00542401 /* SX_Ship.swift in Sources */ = {isa = PBXBuildFile; fileRef = 07965B842A9FC17C00542401 /* SX_Ship.swift */; };
/* End PBXBuildFile section */

/* Begin PBXFileReference section */
		070DD2002AA28D140093CA7D /* SX_HttpMethod.swift */ = {isa = PBXFileReference; lastKnownFileType = sourcecode.swift; path = SX_HttpMethod.swift; sourceTree = "<group>"; };
		070DD2042AA29A6E0093CA7D /* SX_GetRocketsDataSet.swift */ = {isa = PBXFileReference; lastKnownFileType = sourcecode.swift; path = SX_GetRocketsDataSet.swift; sourceTree = "<group>"; };
		070DD2062AA2B6460093CA7D /* ShipsViewModel.swift */ = {isa = PBXFileReference; lastKnownFileType = sourcecode.swift; path = ShipsViewModel.swift; sourceTree = "<group>"; };
		070DD2082AA2B6B90093CA7D /* ShipsView.swift */ = {isa = PBXFileReference; lastKnownFileType = sourcecode.swift; path = ShipsView.swift; sourceTree = "<group>"; };
		070DD20A2AA326E60093CA7D /* SX_GetShipsDataSet.swift */ = {isa = PBXFileReference; lastKnownFileType = sourcecode.swift; path = SX_GetShipsDataSet.swift; sourceTree = "<group>"; };
		070DD20C2AA3415E0093CA7D /* CrewView.swift */ = {isa = PBXFileReference; lastKnownFileType = sourcecode.swift; path = CrewView.swift; sourceTree = "<group>"; };
		070DD20E2AA35BA50093CA7D /* SX_GetLaunchesDataSet.swift */ = {isa = PBXFileReference; lastKnownFileType = sourcecode.swift; path = SX_GetLaunchesDataSet.swift; sourceTree = "<group>"; };
		070DD2102AA360290093CA7D /* LaunchListView.swift */ = {isa = PBXFileReference; lastKnownFileType = sourcecode.swift; path = LaunchListView.swift; sourceTree = "<group>"; };
		070DD2122AA36BF00093CA7D /* LaunchListUIViewRepresentable.swift */ = {isa = PBXFileReference; lastKnownFileType = sourcecode.swift; path = LaunchListUIViewRepresentable.swift; sourceTree = "<group>"; };
		070DD2142AA38AC80093CA7D /* Extension.swift */ = {isa = PBXFileReference; lastKnownFileType = sourcecode.swift; path = Extension.swift; sourceTree = "<group>"; };
		070DD2162AA3A91D0093CA7D /* LaunchCollectionViewCell.swift */ = {isa = PBXFileReference; lastKnownFileType = sourcecode.swift; path = LaunchCollectionViewCell.swift; sourceTree = "<group>"; };
		070DD2182AA3AB580093CA7D /* LaunchCollectionViewCellViewModel.swift */ = {isa = PBXFileReference; lastKnownFileType = sourcecode.swift; path = LaunchCollectionViewCellViewModel.swift; sourceTree = "<group>"; };
		070DD21A2AA4D5200093CA7D /* SX_Patch.swift */ = {isa = PBXFileReference; lastKnownFileType = sourcecode.swift; path = SX_Patch.swift; sourceTree = "<group>"; };
		070DD21C2AA4EBFC0093CA7D /* SX_Links.swift */ = {isa = PBXFileReference; lastKnownFileType = sourcecode.swift; path = SX_Links.swift; sourceTree = "<group>"; };
		07965B4A2A9E500D00542401 /* SpaceX.app */ = {isa = PBXFileReference; explicitFileType = wrapper.application; includeInIndex = 0; path = SpaceX.app; sourceTree = BUILT_PRODUCTS_DIR; };
		07965B4D2A9E500D00542401 /* SpaceXApp.swift */ = {isa = PBXFileReference; lastKnownFileType = sourcecode.swift; path = SpaceXApp.swift; sourceTree = "<group>"; };
		07965B4F2A9E500D00542401 /* MainView.swift */ = {isa = PBXFileReference; lastKnownFileType = sourcecode.swift; path = MainView.swift; sourceTree = "<group>"; };
		07965B512A9E500E00542401 /* Assets.xcassets */ = {isa = PBXFileReference; lastKnownFileType = folder.assetcatalog; path = Assets.xcassets; sourceTree = "<group>"; };
		07965B542A9E500E00542401 /* Preview Assets.xcassets */ = {isa = PBXFileReference; lastKnownFileType = folder.assetcatalog; path = "Preview Assets.xcassets"; sourceTree = "<group>"; };
		07965B602A9E746400542401 /* SX_Lanunch.swift */ = {isa = PBXFileReference; lastKnownFileType = sourcecode.swift; path = SX_Lanunch.swift; sourceTree = "<group>"; };
		07965B622A9E746E00542401 /* SX_Rocket.swift */ = {isa = PBXFileReference; lastKnownFileType = sourcecode.swift; path = SX_Rocket.swift; sourceTree = "<group>"; };
		07965B642A9E9C0A00542401 /* LaunchesListView.swift */ = {isa = PBXFileReference; lastKnownFileType = sourcecode.swift; path = LaunchesListView.swift; sourceTree = "<group>"; };
		07965B662A9E9C1F00542401 /* LaunchView.swift */ = {isa = PBXFileReference; lastKnownFileType = sourcecode.swift; path = LaunchView.swift; sourceTree = "<group>"; };
		07965B682A9E9C3900542401 /* RocketView.swift */ = {isa = PBXFileReference; lastKnownFileType = sourcecode.swift; path = RocketView.swift; sourceTree = "<group>"; };
		07965B6C2A9E9C7B00542401 /* LaunchFilterView.swift */ = {isa = PBXFileReference; lastKnownFileType = sourcecode.swift; path = LaunchFilterView.swift; sourceTree = "<group>"; };
		07965B6E2A9E9D8300542401 /* MainViewModel.swift */ = {isa = PBXFileReference; lastKnownFileType = sourcecode.swift; path = MainViewModel.swift; sourceTree = "<group>"; };
		07965B702A9EA00600542401 /* LaunchesListViewModel.swift */ = {isa = PBXFileReference; lastKnownFileType = sourcecode.swift; path = LaunchesListViewModel.swift; sourceTree = "<group>"; };
		07965B722A9EA01500542401 /* LanchViewModel.swift */ = {isa = PBXFileReference; lastKnownFileType = sourcecode.swift; path = LanchViewModel.swift; sourceTree = "<group>"; };
		07965B742A9EA02A00542401 /* RocketViewModel.swift */ = {isa = PBXFileReference; lastKnownFileType = sourcecode.swift; path = RocketViewModel.swift; sourceTree = "<group>"; };
		07965B762A9EA03F00542401 /* RocketsListViewModel.swift */ = {isa = PBXFileReference; lastKnownFileType = sourcecode.swift; path = RocketsListViewModel.swift; sourceTree = "<group>"; };
		07965B782A9EA05D00542401 /* LaunchesFilterViewModel.swift */ = {isa = PBXFileReference; lastKnownFileType = sourcecode.swift; path = LaunchesFilterViewModel.swift; sourceTree = "<group>"; };
		07965B7A2A9EA07200542401 /* RocketsListView.swift */ = {isa = PBXFileReference; lastKnownFileType = sourcecode.swift; path = RocketsListView.swift; sourceTree = "<group>"; };
		07965B7C2A9F545500542401 /* SX_Service.swift */ = {isa = PBXFileReference; lastKnownFileType = sourcecode.swift; path = SX_Service.swift; sourceTree = "<group>"; };
		07965B7E2A9F547B00542401 /* SX_Request.swift */ = {isa = PBXFileReference; lastKnownFileType = sourcecode.swift; path = SX_Request.swift; sourceTree = "<group>"; };
		07965B802A9F569000542401 /* SX_EndPoint.swift */ = {isa = PBXFileReference; lastKnownFileType = sourcecode.swift; path = SX_EndPoint.swift; sourceTree = "<group>"; };
		07965B822A9FC06F00542401 /* SX_Crew.swift */ = {isa = PBXFileReference; lastKnownFileType = sourcecode.swift; path = SX_Crew.swift; sourceTree = "<group>"; };
		07965B842A9FC17C00542401 /* SX_Ship.swift */ = {isa = PBXFileReference; lastKnownFileType = sourcecode.swift; path = SX_Ship.swift; sourceTree = "<group>"; };
/* End PBXFileReference section */

/* Begin PBXFrameworksBuildPhase section */
		07965B472A9E500D00542401 /* Frameworks */ = {
			isa = PBXFrameworksBuildPhase;
			buildActionMask = 2147483647;
			files = (
			);
			runOnlyForDeploymentPostprocessing = 0;
		};
/* End PBXFrameworksBuildPhase section */

/* Begin PBXGroup section */
		070DD2022AA299D70093CA7D /* DataTypes */ = {
			isa = PBXGroup;
			children = (
				07965B602A9E746400542401 /* SX_Lanunch.swift */,
				07965B822A9FC06F00542401 /* SX_Crew.swift */,
				07965B622A9E746E00542401 /* SX_Rocket.swift */,
				070DD21C2AA4EBFC0093CA7D /* SX_Links.swift */,
				07965B842A9FC17C00542401 /* SX_Ship.swift */,
				070DD21A2AA4D5200093CA7D /* SX_Patch.swift */,
			);
			path = DataTypes;
			sourceTree = "<group>";
		};
		070DD2032AA29A290093CA7D /* APIDataSets */ = {
			isa = PBXGroup;
			children = (
				070DD2042AA29A6E0093CA7D /* SX_GetRocketsDataSet.swift */,
				070DD20E2AA35BA50093CA7D /* SX_GetLaunchesDataSet.swift */,
				070DD20A2AA326E60093CA7D /* SX_GetShipsDataSet.swift */,
			);
			path = APIDataSets;
			sourceTree = "<group>";
		};
		07965B412A9E500D00542401 = {
			isa = PBXGroup;
			children = (
				07965B4C2A9E500D00542401 /* SpaceX */,
				07965B4B2A9E500D00542401 /* Products */,
			);
			sourceTree = "<group>";
		};
		07965B4B2A9E500D00542401 /* Products */ = {
			isa = PBXGroup;
			children = (
				07965B4A2A9E500D00542401 /* SpaceX.app */,
			);
			name = Products;
			sourceTree = "<group>";
		};
		07965B4C2A9E500D00542401 /* SpaceX */ = {
			isa = PBXGroup;
			children = (
				07965B5F2A9E569500542401 /* APIClient */,
				07965B5E2A9E50BB00542401 /* Models */,
				07965B5D2A9E509B00542401 /* ViewModels */,
				07965B5C2A9E508800542401 /* Views */,
				07965B5B2A9E507800542401 /* Resources */,
				07965B532A9E500E00542401 /* Preview Content */,
			);
			path = SpaceX;
			sourceTree = "<group>";
		};
		07965B532A9E500E00542401 /* Preview Content */ = {
			isa = PBXGroup;
			children = (
				07965B542A9E500E00542401 /* Preview Assets.xcassets */,
			);
			path = "Preview Content";
			sourceTree = "<group>";
		};
		07965B5B2A9E507800542401 /* Resources */ = {
			isa = PBXGroup;
			children = (
				07965B4D2A9E500D00542401 /* SpaceXApp.swift */,
				07965B512A9E500E00542401 /* Assets.xcassets */,
				070DD2142AA38AC80093CA7D /* Extension.swift */,
			);
			path = Resources;
			sourceTree = "<group>";
		};
		07965B5C2A9E508800542401 /* Views */ = {
			isa = PBXGroup;
			children = (
				07965B4F2A9E500D00542401 /* MainView.swift */,
				070DD20C2AA3415E0093CA7D /* CrewView.swift */,
				07965B642A9E9C0A00542401 /* LaunchesListView.swift */,
				070DD2122AA36BF00093CA7D /* LaunchListUIViewRepresentable.swift */,
				070DD2102AA360290093CA7D /* LaunchListView.swift */,
				07965B662A9E9C1F00542401 /* LaunchView.swift */,
				07965B682A9E9C3900542401 /* RocketView.swift */,
				07965B6C2A9E9C7B00542401 /* LaunchFilterView.swift */,
				07965B7A2A9EA07200542401 /* RocketsListView.swift */,
				070DD2082AA2B6B90093CA7D /* ShipsView.swift */,
				070DD2162AA3A91D0093CA7D /* LaunchCollectionViewCell.swift */,
			);
			path = Views;
			sourceTree = "<group>";
		};
		07965B5D2A9E509B00542401 /* ViewModels */ = {
			isa = PBXGroup;
			children = (
				07965B6E2A9E9D8300542401 /* MainViewModel.swift */,
				07965B702A9EA00600542401 /* LaunchesListViewModel.swift */,
				07965B722A9EA01500542401 /* LanchViewModel.swift */,
				07965B742A9EA02A00542401 /* RocketViewModel.swift */,
				070DD2062AA2B6460093CA7D /* ShipsViewModel.swift */,
				07965B762A9EA03F00542401 /* RocketsListViewModel.swift */,
				07965B782A9EA05D00542401 /* LaunchesFilterViewModel.swift */,
				070DD2182AA3AB580093CA7D /* LaunchCollectionViewCellViewModel.swift */,
			);
			path = ViewModels;
			sourceTree = "<group>";
		};
		07965B5E2A9E50BB00542401 /* Models */ = {
			isa = PBXGroup;
			children = (
				070DD2022AA299D70093CA7D /* DataTypes */,
				070DD2032AA29A290093CA7D /* APIDataSets */,
			);
			path = Models;
			sourceTree = "<group>";
		};
		07965B5F2A9E569500542401 /* APIClient */ = {
			isa = PBXGroup;
			children = (
				07965B7C2A9F545500542401 /* SX_Service.swift */,
				07965B7E2A9F547B00542401 /* SX_Request.swift */,
				07965B802A9F569000542401 /* SX_EndPoint.swift */,
				070DD2002AA28D140093CA7D /* SX_HttpMethod.swift */,
			);
			path = APIClient;
			sourceTree = "<group>";
		};
/* End PBXGroup section */

/* Begin PBXNativeTarget section */
		07965B492A9E500D00542401 /* SpaceX */ = {
			isa = PBXNativeTarget;
			buildConfigurationList = 07965B582A9E500E00542401 /* Build configuration list for PBXNativeTarget "SpaceX" */;
			buildPhases = (
				07965B462A9E500D00542401 /* Sources */,
				07965B472A9E500D00542401 /* Frameworks */,
				07965B482A9E500D00542401 /* Resources */,
			);
			buildRules = (
			);
			dependencies = (
			);
			name = SpaceX;
			productName = SpaceX;
			productReference = 07965B4A2A9E500D00542401 /* SpaceX.app */;
			productType = "com.apple.product-type.application";
		};
/* End PBXNativeTarget section */

/* Begin PBXProject section */
		07965B422A9E500D00542401 /* Project object */ = {
			isa = PBXProject;
			attributes = {
				BuildIndependentTargetsInParallel = 1;
				LastSwiftUpdateCheck = 1430;
				LastUpgradeCheck = 1430;
				TargetAttributes = {
					07965B492A9E500D00542401 = {
						CreatedOnToolsVersion = 14.3.1;
					};
				};
			};
			buildConfigurationList = 07965B452A9E500D00542401 /* Build configuration list for PBXProject "SpaceX" */;
			compatibilityVersion = "Xcode 14.0";
			developmentRegion = en;
			hasScannedForEncodings = 0;
			knownRegions = (
				en,
				Base,
			);
			mainGroup = 07965B412A9E500D00542401;
			productRefGroup = 07965B4B2A9E500D00542401 /* Products */;
			projectDirPath = "";
			projectRoot = "";
			targets = (
				07965B492A9E500D00542401 /* SpaceX */,
			);
		};
/* End PBXProject section */

/* Begin PBXResourcesBuildPhase section */
		07965B482A9E500D00542401 /* Resources */ = {
			isa = PBXResourcesBuildPhase;
			buildActionMask = 2147483647;
			files = (
				07965B552A9E500E00542401 /* Preview Assets.xcassets in Resources */,
				07965B522A9E500E00542401 /* Assets.xcassets in Resources */,
			);
			runOnlyForDeploymentPostprocessing = 0;
		};
/* End PBXResourcesBuildPhase section */

/* Begin PBXSourcesBuildPhase section */
		07965B462A9E500D00542401 /* Sources */ = {
			isa = PBXSourcesBuildPhase;
			buildActionMask = 2147483647;
			files = (
				07965B832A9FC06F00542401 /* SX_Crew.swift in Sources */,
				07965B752A9EA02A00542401 /* RocketViewModel.swift in Sources */,
				07965B502A9E500D00542401 /* MainView.swift in Sources */,
				07965B7F2A9F547B00542401 /* SX_Request.swift in Sources */,
				070DD2092AA2B6BA0093CA7D /* ShipsView.swift in Sources */,
				070DD2012AA28D140093CA7D /* SX_HttpMethod.swift in Sources */,
				070DD2072AA2B6460093CA7D /* ShipsViewModel.swift in Sources */,
				07965B7B2A9EA07200542401 /* RocketsListView.swift in Sources */,
				07965B672A9E9C1F00542401 /* LaunchView.swift in Sources */,
				07965B652A9E9C0A00542401 /* LaunchesListView.swift in Sources */,
				07965B612A9E746400542401 /* SX_Lanunch.swift in Sources */,
				070DD20F2AA35BA50093CA7D /* SX_GetLaunchesDataSet.swift in Sources */,
				070DD21B2AA4D5200093CA7D /* SX_Patch.swift in Sources */,
				070DD2132AA36BF00093CA7D /* LaunchListUIViewRepresentable.swift in Sources */,
				070DD21D2AA4EBFC0093CA7D /* SX_Links.swift in Sources */,
				07965B7D2A9F545500542401 /* SX_Service.swift in Sources */,
				070DD2112AA360290093CA7D /* LaunchListView.swift in Sources */,
				070DD2152AA38AC80093CA7D /* Extension.swift in Sources */,
				070DD2192AA3AB580093CA7D /* LaunchCollectionViewCellViewModel.swift in Sources */,
				070DD2172AA3A91D0093CA7D /* LaunchCollectionViewCell.swift in Sources */,
				07965B792A9EA05D00542401 /* LaunchesFilterViewModel.swift in Sources */,
				070DD20D2AA3415E0093CA7D /* CrewView.swift in Sources */,
				07965B852A9FC17C00542401 /* SX_Ship.swift in Sources */,
				07965B4E2A9E500D00542401 /* SpaceXApp.swift in Sources */,
				07965B772A9EA03F00542401 /* RocketsListViewModel.swift in Sources */,
				07965B732A9EA01500542401 /* LanchViewModel.swift in Sources */,
				07965B6F2A9E9D8300542401 /* MainViewModel.swift in Sources */,
				070DD2052AA29A6E0093CA7D /* SX_GetRocketsDataSet.swift in Sources */,
				07965B712A9EA00600542401 /* LaunchesListViewModel.swift in Sources */,
				07965B6D2A9E9C7B00542401 /* LaunchFilterView.swift in Sources */,
				07965B632A9E746E00542401 /* SX_Rocket.swift in Sources */,
				070DD20B2AA326E60093CA7D /* SX_GetShipsDataSet.swift in Sources */,
				07965B692A9E9C3900542401 /* RocketView.swift in Sources */,
				07965B812A9F569000542401 /* SX_EndPoint.swift in Sources */,
			);
			runOnlyForDeploymentPostprocessing = 0;
		};
/* End PBXSourcesBuildPhase section */

/* Begin XCBuildConfiguration section */
		07965B562A9E500E00542401 /* Debug */ = {
			isa = XCBuildConfiguration;
			buildSettings = {
				ALWAYS_SEARCH_USER_PATHS = NO;
				CLANG_ANALYZER_NONNULL = YES;
				CLANG_ANALYZER_NUMBER_OBJECT_CONVERSION = YES_AGGRESSIVE;
				CLANG_CXX_LANGUAGE_STANDARD = "gnu++20";
				CLANG_ENABLE_MODULES = YES;
				CLANG_ENABLE_OBJC_ARC = YES;
				CLANG_ENABLE_OBJC_WEAK = YES;
				CLANG_WARN_BLOCK_CAPTURE_AUTORELEASING = YES;
				CLANG_WARN_BOOL_CONVERSION = YES;
				CLANG_WARN_COMMA = YES;
				CLANG_WARN_CONSTANT_CONVERSION = YES;
				CLANG_WARN_DEPRECATED_OBJC_IMPLEMENTATIONS = YES;
				CLANG_WARN_DIRECT_OBJC_ISA_USAGE = YES_ERROR;
				CLANG_WARN_DOCUMENTATION_COMMENTS = YES;
				CLANG_WARN_EMPTY_BODY = YES;
				CLANG_WARN_ENUM_CONVERSION = YES;
				CLANG_WARN_INFINITE_RECURSION = YES;
				CLANG_WARN_INT_CONVERSION = YES;
				CLANG_WARN_NON_LITERAL_NULL_CONVERSION = YES;
				CLANG_WARN_OBJC_IMPLICIT_RETAIN_SELF = YES;
				CLANG_WARN_OBJC_LITERAL_CONVERSION = YES;
				CLANG_WARN_OBJC_ROOT_CLASS = YES_ERROR;
				CLANG_WARN_QUOTED_INCLUDE_IN_FRAMEWORK_HEADER = YES;
				CLANG_WARN_RANGE_LOOP_ANALYSIS = YES;
				CLANG_WARN_STRICT_PROTOTYPES = YES;
				CLANG_WARN_SUSPICIOUS_MOVE = YES;
				CLANG_WARN_UNGUARDED_AVAILABILITY = YES_AGGRESSIVE;
				CLANG_WARN_UNREACHABLE_CODE = YES;
				CLANG_WARN__DUPLICATE_METHOD_MATCH = YES;
				COPY_PHASE_STRIP = NO;
				DEBUG_INFORMATION_FORMAT = dwarf;
				ENABLE_STRICT_OBJC_MSGSEND = YES;
				ENABLE_TESTABILITY = YES;
				GCC_C_LANGUAGE_STANDARD = gnu11;
				GCC_DYNAMIC_NO_PIC = NO;
				GCC_NO_COMMON_BLOCKS = YES;
				GCC_OPTIMIZATION_LEVEL = 0;
				GCC_PREPROCESSOR_DEFINITIONS = (
					"DEBUG=1",
					"$(inherited)",
				);
				GCC_WARN_64_TO_32_BIT_CONVERSION = YES;
				GCC_WARN_ABOUT_RETURN_TYPE = YES_ERROR;
				GCC_WARN_UNDECLARED_SELECTOR = YES;
				GCC_WARN_UNINITIALIZED_AUTOS = YES_AGGRESSIVE;
				GCC_WARN_UNUSED_FUNCTION = YES;
				GCC_WARN_UNUSED_VARIABLE = YES;
				IPHONEOS_DEPLOYMENT_TARGET = 16.4;
				MTL_ENABLE_DEBUG_INFO = INCLUDE_SOURCE;
				MTL_FAST_MATH = YES;
				ONLY_ACTIVE_ARCH = YES;
				SDKROOT = iphoneos;
				SWIFT_ACTIVE_COMPILATION_CONDITIONS = DEBUG;
				SWIFT_OPTIMIZATION_LEVEL = "-Onone";
			};
			name = Debug;
		};
		07965B572A9E500E00542401 /* Release */ = {
			isa = XCBuildConfiguration;
			buildSettings = {
				ALWAYS_SEARCH_USER_PATHS = NO;
				CLANG_ANALYZER_NONNULL = YES;
				CLANG_ANALYZER_NUMBER_OBJECT_CONVERSION = YES_AGGRESSIVE;
				CLANG_CXX_LANGUAGE_STANDARD = "gnu++20";
				CLANG_ENABLE_MODULES = YES;
				CLANG_ENABLE_OBJC_ARC = YES;
				CLANG_ENABLE_OBJC_WEAK = YES;
				CLANG_WARN_BLOCK_CAPTURE_AUTORELEASING = YES;
				CLANG_WARN_BOOL_CONVERSION = YES;
				CLANG_WARN_COMMA = YES;
				CLANG_WARN_CONSTANT_CONVERSION = YES;
				CLANG_WARN_DEPRECATED_OBJC_IMPLEMENTATIONS = YES;
				CLANG_WARN_DIRECT_OBJC_ISA_USAGE = YES_ERROR;
				CLANG_WARN_DOCUMENTATION_COMMENTS = YES;
				CLANG_WARN_EMPTY_BODY = YES;
				CLANG_WARN_ENUM_CONVERSION = YES;
				CLANG_WARN_INFINITE_RECURSION = YES;
				CLANG_WARN_INT_CONVERSION = YES;
				CLANG_WARN_NON_LITERAL_NULL_CONVERSION = YES;
				CLANG_WARN_OBJC_IMPLICIT_RETAIN_SELF = YES;
				CLANG_WARN_OBJC_LITERAL_CONVERSION = YES;
				CLANG_WARN_OBJC_ROOT_CLASS = YES_ERROR;
				CLANG_WARN_QUOTED_INCLUDE_IN_FRAMEWORK_HEADER = YES;
				CLANG_WARN_RANGE_LOOP_ANALYSIS = YES;
				CLANG_WARN_STRICT_PROTOTYPES = YES;
				CLANG_WARN_SUSPICIOUS_MOVE = YES;
				CLANG_WARN_UNGUARDED_AVAILABILITY = YES_AGGRESSIVE;
				CLANG_WARN_UNREACHABLE_CODE = YES;
				CLANG_WARN__DUPLICATE_METHOD_MATCH = YES;
				COPY_PHASE_STRIP = NO;
				DEBUG_INFORMATION_FORMAT = "dwarf-with-dsym";
				ENABLE_NS_ASSERTIONS = NO;
				ENABLE_STRICT_OBJC_MSGSEND = YES;
				GCC_C_LANGUAGE_STANDARD = gnu11;
				GCC_NO_COMMON_BLOCKS = YES;
				GCC_WARN_64_TO_32_BIT_CONVERSION = YES;
				GCC_WARN_ABOUT_RETURN_TYPE = YES_ERROR;
				GCC_WARN_UNDECLARED_SELECTOR = YES;
				GCC_WARN_UNINITIALIZED_AUTOS = YES_AGGRESSIVE;
				GCC_WARN_UNUSED_FUNCTION = YES;
				GCC_WARN_UNUSED_VARIABLE = YES;
				IPHONEOS_DEPLOYMENT_TARGET = 16.4;
				MTL_ENABLE_DEBUG_INFO = NO;
				MTL_FAST_MATH = YES;
				SDKROOT = iphoneos;
				SWIFT_COMPILATION_MODE = wholemodule;
				SWIFT_OPTIMIZATION_LEVEL = "-O";
				VALIDATE_PRODUCT = YES;
			};
			name = Release;
		};
		07965B592A9E500E00542401 /* Debug */ = {
			isa = XCBuildConfiguration;
			buildSettings = {
				ASSETCATALOG_COMPILER_APPICON_NAME = AppIcon;
				ASSETCATALOG_COMPILER_GLOBAL_ACCENT_COLOR_NAME = AccentColor;
				CODE_SIGN_STYLE = Automatic;
				CURRENT_PROJECT_VERSION = 1;
				DEVELOPMENT_ASSET_PATHS = "\"SpaceX/Preview Content\"";
				DEVELOPMENT_TEAM = 3QV2Y6A3BW;
				ENABLE_PREVIEWS = YES;
				GENERATE_INFOPLIST_FILE = YES;
				INFOPLIST_KEY_UIApplicationSceneManifest_Generation = YES;
				INFOPLIST_KEY_UIApplicationSupportsIndirectInputEvents = YES;
				INFOPLIST_KEY_UILaunchScreen_Generation = YES;
				INFOPLIST_KEY_UISupportedInterfaceOrientations_iPad = "UIInterfaceOrientationPortrait UIInterfaceOrientationPortraitUpsideDown UIInterfaceOrientationLandscapeLeft UIInterfaceOrientationLandscapeRight";
				INFOPLIST_KEY_UISupportedInterfaceOrientations_iPhone = "UIInterfaceOrientationPortrait UIInterfaceOrientationLandscapeLeft UIInterfaceOrientationLandscapeRight";
				LD_RUNPATH_SEARCH_PATHS = (
					"$(inherited)",
					"@executable_path/Frameworks",
				);
				MARKETING_VERSION = 1.0;
				PRODUCT_BUNDLE_IDENTIFIER = de.omarelmoghrabi.SpaceX;
				PRODUCT_NAME = "$(TARGET_NAME)";
				SWIFT_EMIT_LOC_STRINGS = YES;
				SWIFT_VERSION = 5.0;
				TARGETED_DEVICE_FAMILY = "1,2";
			};
			name = Debug;
		};
		07965B5A2A9E500E00542401 /* Release */ = {
			isa = XCBuildConfiguration;
			buildSettings = {
				ASSETCATALOG_COMPILER_APPICON_NAME = AppIcon;
				ASSETCATALOG_COMPILER_GLOBAL_ACCENT_COLOR_NAME = AccentColor;
				CODE_SIGN_STYLE = Automatic;
				CURRENT_PROJECT_VERSION = 1;
				DEVELOPMENT_ASSET_PATHS = "\"SpaceX/Preview Content\"";
				DEVELOPMENT_TEAM = 3QV2Y6A3BW;
				ENABLE_PREVIEWS = YES;
				GENERATE_INFOPLIST_FILE = YES;
				INFOPLIST_KEY_UIApplicationSceneManifest_Generation = YES;
				INFOPLIST_KEY_UIApplicationSupportsIndirectInputEvents = YES;
				INFOPLIST_KEY_UILaunchScreen_Generation = YES;
				INFOPLIST_KEY_UISupportedInterfaceOrientations_iPad = "UIInterfaceOrientationPortrait UIInterfaceOrientationPortraitUpsideDown UIInterfaceOrientationLandscapeLeft UIInterfaceOrientationLandscapeRight";
				INFOPLIST_KEY_UISupportedInterfaceOrientations_iPhone = "UIInterfaceOrientationPortrait UIInterfaceOrientationLandscapeLeft UIInterfaceOrientationLandscapeRight";
				LD_RUNPATH_SEARCH_PATHS = (
					"$(inherited)",
					"@executable_path/Frameworks",
				);
				MARKETING_VERSION = 1.0;
				PRODUCT_BUNDLE_IDENTIFIER = de.omarelmoghrabi.SpaceX;
				PRODUCT_NAME = "$(TARGET_NAME)";
				SWIFT_EMIT_LOC_STRINGS = YES;
				SWIFT_VERSION = 5.0;
				TARGETED_DEVICE_FAMILY = "1,2";
			};
			name = Release;
		};
/* End XCBuildConfiguration section */

/* Begin XCConfigurationList section */
		07965B452A9E500D00542401 /* Build configuration list for PBXProject "SpaceX" */ = {
			isa = XCConfigurationList;
			buildConfigurations = (
				07965B562A9E500E00542401 /* Debug */,
				07965B572A9E500E00542401 /* Release */,
			);
			defaultConfigurationIsVisible = 0;
			defaultConfigurationName = Release;
		};
		07965B582A9E500E00542401 /* Build configuration list for PBXNativeTarget "SpaceX" */ = {
			isa = XCConfigurationList;
			buildConfigurations = (
				07965B592A9E500E00542401 /* Debug */,
				07965B5A2A9E500E00542401 /* Release */,
			);
			defaultConfigurationIsVisible = 0;
			defaultConfigurationName = Release;
		};
/* End XCConfigurationList section */
	};
	rootObject = 07965B422A9E500D00542401 /* Project object */;
}
